
Microsoft Visual Studio Solution File, Format Version 12.00
# Visual Studio Version 17
VisualStudioVersion = 17.13.36105.23
MinimumVisualStudioVersion = 10.0.40219.1
Project("{FAE04EC0-301F-11D3-BF4B-00C04F79EFBC}") = "ExcelUtils", "ExcelUtils\ExcelUtils.csproj", "{F9AE3F25-7DE0-4F80-AA0E-BAFE1639AC05}"
EndProject
Project("{FAE04EC0-301F-11D3-BF4B-00C04F79EFBC}") = "Test", "Test\Test.csproj", "{CE11B490-CE39-4483-B44A-6D712C58D7F6}"
EndProject
Global
	GlobalSection(SolutionConfigurationPlatforms) = preSolution
		Debug|Any CPU = Debug|Any CPU
		Release|Any CPU = Release|Any CPU
	EndGlobalSection
	GlobalSection(ProjectConfigurationPlatforms) = postSolution
		{F9AE3F25-7DE0-4F80-AA0E-BAFE1639AC05}.Debug|Any CPU.ActiveCfg = Debug|Any CPU
		{F9AE3F25-7DE0-4F80-AA0E-BAFE1639AC05}.Debug|Any CPU.Build.0 = Debug|Any CPU
		{F9AE3F25-7DE0-4F80-AA0E-BAFE1639AC05}.Release|Any CPU.ActiveCfg = Release|Any CPU
		{F9AE3F25-7DE0-4F80-AA0E-BAFE1639AC05}.Release|Any CPU.Build.0 = Release|Any CPU
		{CE11B490-CE39-4483-B44A-6D712C58D7F6}.Debug|Any CPU.ActiveCfg = Debug|Any CPU
		{CE11B490-CE39-4483-B44A-6D712C58D7F6}.Debug|Any CPU.Build.0 = Debug|Any CPU
		{CE11B490-CE39-4483-B44A-6D712C58D7F6}.Release|Any CPU.ActiveCfg = Release|Any CPU
		{CE11B490-CE39-4483-B44A-6D712C58D7F6}.Release|Any CPU.Build.0 = Release|Any CPU
	EndGlobalSection
	GlobalSection(SolutionProperties) = preSolution
		HideSolutionNode = FALSE
	EndGlobalSection
	GlobalSection(ExtensibilityGlobals) = postSolution
		SolutionGuid = {E4C39EAD-9B31-49B3-92A9-443CFBF555CD}
	EndGlobalSection
EndGlobal
